
Microsoft Visual Studio Solution File, Format Version 12.00
# Visual Studio Version 17
VisualStudioVersion = 17.3.32804.467
MinimumVisualStudioVersion = 10.0.40219.1
Project("{FAE04EC0-301F-11D3-BF4B-00C04F79EFBC}") = "GeneratePasswordHashUsingSalt", "GeneratePasswordHashUsingSalt.csproj", "{D5F79EC8-CED1-4AE2-B11A-9A1412846981}"
EndProject
Global
	GlobalSection(SolutionConfigurationPlatforms) = preSolution
		Debug|Any CPU = Debug|Any CPU
		Release|Any CPU = Release|Any CPU
	EndGlobalSection
	GlobalSection(ProjectConfigurationPlatforms) = postSolution
		{D5F79EC8-CED1-4AE2-B11A-9A1412846981}.Debug|Any CPU.ActiveCfg = Debug|Any CPU
		{D5F79EC8-CED1-4AE2-B11A-9A1412846981}.Debug|Any CPU.Build.0 = Debug|Any CPU
		{D5F79EC8-CED1-4AE2-B11A-9A1412846981}.Release|Any CPU.ActiveCfg = Release|Any CPU
		{D5F79EC8-CED1-4AE2-B11A-9A1412846981}.Release|Any CPU.Build.0 = Release|Any CPU
	EndGlobalSection
	GlobalSection(SolutionProperties) = preSolution
		HideSolutionNode = FALSE
	EndGlobalSection
	GlobalSection(ExtensibilityGlobals) = postSolution
		SolutionGuid = {B95E3184-8ADC-4A40-99F2-3313CC6DAFF4}
	EndGlobalSection
EndGlobal
